
Microsoft Visual Studio Solution File, Format Version 12.00
Project("{FAE04EC0-301F-11D3-BF4B-00C04F79EFBC}") = "Application", "Application\Application.csproj", "{0E1FE89A-EEB8-46A6-BAF4-63624E4E9A56}"
EndProject
Project("{FAE04EC0-301F-11D3-BF4B-00C04F79EFBC}") = "Doamin", "Doamin\Doamin.csproj", "{93CE8209-D080-47B6-B83D-F05683C6C063}"
EndProject
Project("{FAE04EC0-301F-11D3-BF4B-00C04F79EFBC}") = "Infrastructure", "Infrastructure\Infrastructure.csproj", "{BB0C5092-87BF-45E7-A21E-6B49A665240E}"
EndProject
Project("{FAE04EC0-301F-11D3-BF4B-00C04F79EFBC}") = "WebAPI", "WebAPI\WebAPI.csproj", "{944528FD-F488-4411-A0D7-F8CDAAEA04B9}"
EndProject
Global
	GlobalSection(SolutionConfigurationPlatforms) = preSolution
		Debug|Any CPU = Debug|Any CPU
		Release|Any CPU = Release|Any CPU
	EndGlobalSection
	GlobalSection(ProjectConfigurationPlatforms) = postSolution
		{0E1FE89A-EEB8-46A6-BAF4-63624E4E9A56}.Debug|Any CPU.ActiveCfg = Debug|Any CPU
		{0E1FE89A-EEB8-46A6-BAF4-63624E4E9A56}.Debug|Any CPU.Build.0 = Debug|Any CPU
		{0E1FE89A-EEB8-46A6-BAF4-63624E4E9A56}.Release|Any CPU.ActiveCfg = Release|Any CPU
		{0E1FE89A-EEB8-46A6-BAF4-63624E4E9A56}.Release|Any CPU.Build.0 = Release|Any CPU
		{93CE8209-D080-47B6-B83D-F05683C6C063}.Debug|Any CPU.ActiveCfg = Debug|Any CPU
		{93CE8209-D080-47B6-B83D-F05683C6C063}.Debug|Any CPU.Build.0 = Debug|Any CPU
		{93CE8209-D080-47B6-B83D-F05683C6C063}.Release|Any CPU.ActiveCfg = Release|Any CPU
		{93CE8209-D080-47B6-B83D-F05683C6C063}.Release|Any CPU.Build.0 = Release|Any CPU
		{BB0C5092-87BF-45E7-A21E-6B49A665240E}.Debug|Any CPU.ActiveCfg = Debug|Any CPU
		{BB0C5092-87BF-45E7-A21E-6B49A665240E}.Debug|Any CPU.Build.0 = Debug|Any CPU
		{BB0C5092-87BF-45E7-A21E-6B49A665240E}.Release|Any CPU.ActiveCfg = Release|Any CPU
		{BB0C5092-87BF-45E7-A21E-6B49A665240E}.Release|Any CPU.Build.0 = Release|Any CPU
		{944528FD-F488-4411-A0D7-F8CDAAEA04B9}.Debug|Any CPU.ActiveCfg = Debug|Any CPU
		{944528FD-F488-4411-A0D7-F8CDAAEA04B9}.Debug|Any CPU.Build.0 = Debug|Any CPU
		{944528FD-F488-4411-A0D7-F8CDAAEA04B9}.Release|Any CPU.ActiveCfg = Release|Any CPU
		{944528FD-F488-4411-A0D7-F8CDAAEA04B9}.Release|Any CPU.Build.0 = Release|Any CPU
	EndGlobalSection
EndGlobal
